github.com/aldiLuki/go-say-hello2 v1.2.0 h1:Y0Tqoch2fuElE0Tjg8A7nObNtH6Ar5k19udiEPASOOY=
github.com/aldiLuki/go-say-hello2 v1.2.0/go.mod h1:L4a1x52oxX4gTjCHo7abXwzEjq7nJh9nWQTTAh9cKTc=
github.com/aldiLuki/go-say-hello2 v1.5.0 h1:1M6ZJohT7MOsYbQJmJDqcKSacZbi/CIHbnMdZ6gaNj8=
github.com/aldiLuki/go-say-hello2 v1.5.0/go.mod h1:L4a1x52oxX4gTjCHo7abXwzEjq7nJh9nWQTTAh9cKTc=
github.com/aldiLuki/go-say-hello2/v2 v2.0.0 h1:zNd/Q2Pv9cbPPr/nUeRs9AFTiaZhnLlaGcuCX/IlF98=
github.com/aldiLuki/go-say-hello2/v2 v2.0.0/go.mod h1:ETc8quqeeyMzJHSxdsMFfFJQO1WIzE/2o2DeLv5kxDI=
